Microsoft Visual Studio Solution File, Format Version 12.00
# Visual Studio 2013
Project("{8BC9CEB8-8B4A-11D0-8D11-00A0C91BC942}") = "ALL_BUILD", "ALL_BUILD.vcxproj", "{FC2E451F-F8BD-4FBC-BB64-56D45CF75EEC}"
	ProjectSection(ProjectDependencies) = postProject
		{6E373E2F-8277-42EF-8205-F8F2B59C91FC} = {6E373E2F-8277-42EF-8205-F8F2B59C91FC}
		{2B283C84-4A18-48AE-AE45-2EAF4473FCF7} = {2B283C84-4A18-48AE-AE45-2EAF4473FCF7}
		{66957E2B-B216-4513-9ABE-BD5C2827F45A} = {66957E2B-B216-4513-9ABE-BD5C2827F45A}
	EndProjectSection
EndProject
Project("{8BC9CEB8-8B4A-11D0-8D11-00A0C91BC942}") = "ZERO_CHECK", "..\\ZERO_CHECK.vcxproj", "{E1DCF4ED-996A-4458-9617-7C1866C5FC34}"
	ProjectSection(ProjectDependencies) = postProject
	EndProjectSection
EndProject
Project("{8BC9CEB8-8B4A-11D0-8D11-00A0C91BC942}") = "p_klein_function_plugin", "p_klein_function_plugin.vcxproj", "{6E373E2F-8277-42EF-8205-F8F2B59C91FC}"
	ProjectSection(ProjectDependencies) = postProject
		{E1DCF4ED-996A-4458-9617-7C1866C5FC34} = {E1DCF4ED-996A-4458-9617-7C1866C5FC34}
	EndProjectSection
EndProject
Project("{8BC9CEB8-8B4A-11D0-8D11-00A0C91BC942}") = "p_sphere_function_plugin", "p_sphere_function_plugin.vcxproj", "{2B283C84-4A18-48AE-AE45-2EAF4473FCF7}"
	ProjectSection(ProjectDependencies) = postProject
		{E1DCF4ED-996A-4458-9617-7C1866C5FC34} = {E1DCF4ED-996A-4458-9617-7C1866C5FC34}
	EndProjectSection
EndProject
Project("{8BC9CEB8-8B4A-11D0-8D11-00A0C91BC942}") = "p_tanglecube_function_plugin", "p_tanglecube_function_plugin.vcxproj", "{66957E2B-B216-4513-9ABE-BD5C2827F45A}"
	ProjectSection(ProjectDependencies) = postProject
		{E1DCF4ED-996A-4458-9617-7C1866C5FC34} = {E1DCF4ED-996A-4458-9617-7C1866C5FC34}
	EndProjectSection
EndProject
Global
	GlobalSection(SolutionConfigurationPlatforms) = preSolution
		Debug|x64 = Debug|x64
		Release|x64 = Release|x64
		MinSizeRel|x64 = MinSizeRel|x64
		RelWithDebInfo|x64 = RelWithDebInfo|x64
	EndGlobalSection
	GlobalSection(ProjectConfigurationPlatforms) = postSolution
		{FC2E451F-F8BD-4FBC-BB64-56D45CF75EEC}.Debug|x64.ActiveCfg = Debug|x64
		{FC2E451F-F8BD-4FBC-BB64-56D45CF75EEC}.Release|x64.ActiveCfg = Release|x64
		{FC2E451F-F8BD-4FBC-BB64-56D45CF75EEC}.MinSizeRel|x64.ActiveCfg = MinSizeRel|x64
		{FC2E451F-F8BD-4FBC-BB64-56D45CF75EEC}.RelWithDebInfo|x64.ActiveCfg = RelWithDebInfo|x64
		{E1DCF4ED-996A-4458-9617-7C1866C5FC34}.Debug|x64.ActiveCfg = Debug|x64
		{E1DCF4ED-996A-4458-9617-7C1866C5FC34}.Debug|x64.Build.0 = Debug|x64
		{E1DCF4ED-996A-4458-9617-7C1866C5FC34}.Release|x64.ActiveCfg = Release|x64
		{E1DCF4ED-996A-4458-9617-7C1866C5FC34}.Release|x64.Build.0 = Release|x64
		{E1DCF4ED-996A-4458-9617-7C1866C5FC34}.MinSizeRel|x64.ActiveCfg = MinSizeRel|x64
		{E1DCF4ED-996A-4458-9617-7C1866C5FC34}.MinSizeRel|x64.Build.0 = MinSizeRel|x64
		{E1DCF4ED-996A-4458-9617-7C1866C5FC34}.RelWithDebInfo|x64.ActiveCfg = RelWithDebInfo|x64
		{E1DCF4ED-996A-4458-9617-7C1866C5FC34}.RelWithDebInfo|x64.Build.0 = RelWithDebInfo|x64
		{6E373E2F-8277-42EF-8205-F8F2B59C91FC}.Debug|x64.ActiveCfg = Debug|x64
		{6E373E2F-8277-42EF-8205-F8F2B59C91FC}.Debug|x64.Build.0 = Debug|x64
		{6E373E2F-8277-42EF-8205-F8F2B59C91FC}.Release|x64.ActiveCfg = Release|x64
		{6E373E2F-8277-42EF-8205-F8F2B59C91FC}.Release|x64.Build.0 = Release|x64
		{6E373E2F-8277-42EF-8205-F8F2B59C91FC}.MinSizeRel|x64.ActiveCfg = MinSizeRel|x64
		{6E373E2F-8277-42EF-8205-F8F2B59C91FC}.MinSizeRel|x64.Build.0 = MinSizeRel|x64
		{6E373E2F-8277-42EF-8205-F8F2B59C91FC}.RelWithDebInfo|x64.ActiveCfg = RelWithDebInfo|x64
		{6E373E2F-8277-42EF-8205-F8F2B59C91FC}.RelWithDebInfo|x64.Build.0 = RelWithDebInfo|x64
		{2B283C84-4A18-48AE-AE45-2EAF4473FCF7}.Debug|x64.ActiveCfg = Debug|x64
		{2B283C84-4A18-48AE-AE45-2EAF4473FCF7}.Debug|x64.Build.0 = Debug|x64
		{2B283C84-4A18-48AE-AE45-2EAF4473FCF7}.Release|x64.ActiveCfg = Release|x64
		{2B283C84-4A18-48AE-AE45-2EAF4473FCF7}.Release|x64.Build.0 = Release|x64
		{2B283C84-4A18-48AE-AE45-2EAF4473FCF7}.MinSizeRel|x64.ActiveCfg = MinSizeRel|x64
		{2B283C84-4A18-48AE-AE45-2EAF4473FCF7}.MinSizeRel|x64.Build.0 = MinSizeRel|x64
		{2B283C84-4A18-48AE-AE45-2EAF4473FCF7}.RelWithDebInfo|x64.ActiveCfg = RelWithDebInfo|x64
		{2B283C84-4A18-48AE-AE45-2EAF4473FCF7}.RelWithDebInfo|x64.Build.0 = RelWithDebInfo|x64
		{66957E2B-B216-4513-9ABE-BD5C2827F45A}.Debug|x64.ActiveCfg = Debug|x64
		{66957E2B-B216-4513-9ABE-BD5C2827F45A}.Debug|x64.Build.0 = Debug|x64
		{66957E2B-B216-4513-9ABE-BD5C2827F45A}.Release|x64.ActiveCfg = Release|x64
		{66957E2B-B216-4513-9ABE-BD5C2827F45A}.Release|x64.Build.0 = Release|x64
		{66957E2B-B216-4513-9ABE-BD5C2827F45A}.MinSizeRel|x64.ActiveCfg = MinSizeRel|x64
		{66957E2B-B216-4513-9ABE-BD5C2827F45A}.MinSizeRel|x64.Build.0 = MinSizeRel|x64
		{66957E2B-B216-4513-9ABE-BD5C2827F45A}.RelWithDebInfo|x64.ActiveCfg = RelWithDebInfo|x64
		{66957E2B-B216-4513-9ABE-BD5C2827F45A}.RelWithDebInfo|x64.Build.0 = RelWithDebInfo|x64
	EndGlobalSection
	GlobalSection(ExtensibilityGlobals) = postSolution
	EndGlobalSection
	GlobalSection(ExtensibilityAddIns) = postSolution
	EndGlobalSection
EndGlobal
